// !$*UTF8*$!
{
	archiveVersion = 1;
	classes = {
	};
	objectVersion = 46;
	objects = {

/* Begin PBXBuildFile section */
		436979441837AED5009A29B6 /* UIImage+ImageEffects.h in CopyFiles */ = {isa = PBXBuildFile; fileRef = 43FE61F918342470001274D3 /* UIImage+ImageEffects.h */; };
		43FE61D41834243C001274D3 /* Foundation.framework in Frameworks */ = {isa = PBXBuildFile; fileRef = 43FE61D31834243C001274D3 /* Foundation.framework */; };
		43FE61D91834243C001274D3 /* GBBlurView.h in CopyFiles */ = {isa = PBXBuildFile; fileRef = 43FE61D81834243C001274D3 /* GBBlurView.h */; };
		43FE61DB1834243C001274D3 /* GBBlurView.m in Sources */ = {isa = PBXBuildFile; fileRef = 43FE61DA1834243C001274D3 /* GBBlurView.m */; };
		43FE61E21834243C001274D3 /* XCTest.framework in Frameworks */ = {isa = PBXBuildFile; fileRef = 43FE61E11834243C001274D3 /* XCTest.framework */; };
		43FE61E31834243C001274D3 /* Foundation.framework in Frameworks */ = {isa = PBXBuildFile; fileRef = 43FE61D31834243C001274D3 /* Foundation.framework */; };
		43FE61E51834243C001274D3 /* UIKit.framework in Frameworks */ = {isa = PBXBuildFile; fileRef = 43FE61E41834243C001274D3 /* UIKit.framework */; };
		43FE61E81834243C001274D3 /* libGBBlurView.a in Frameworks */ = {isa = PBXBuildFile; fileRef = 43FE61D01834243C001274D3 /* libGBBlurView.a */; };
		43FE61EE1834243C001274D3 /* InfoPlist.strings in Resources */ = {isa = PBXBuildFile; fileRef = 43FE61EC1834243C001274D3 /* InfoPlist.strings */; };
		43FE61F01834243C001274D3 /* GBBlurViewTests.m in Sources */ = {isa = PBXBuildFile; fileRef = 43FE61EF1834243C001274D3 /* GBBlurViewTests.m */; };
		43FE61FB18342470001274D3 /* UIImage+ImageEffects.m in Sources */ = {isa = PBXBuildFile; fileRef = 43FE61FA18342470001274D3 /* UIImage+ImageEffects.m */; };
/* End PBXBuildFile section */

/* Begin PBXContainerItemProxy section */
		43FE61E61834243C001274D3 /* PBXContainerItemProxy */ = {
			isa = PBXContainerItemProxy;
			containerPortal = 43FE61C81834243C001274D3 /* Project object */;
			proxyType = 1;
			remoteGlobalIDString = 43FE61CF1834243C001274D3;
			remoteInfo = GBBlurView;
		};
/* End PBXContainerItemProxy section */

/* Begin PBXCopyFilesBuildPhase section */
		43FE61CE1834243C001274D3 /* CopyFiles */ = {
			isa = PBXCopyFilesBuildPhase;
			buildActionMask = 2147483647;
			dstPath = "include/$(PRODUCT_NAME)";
			dstSubfolderSpec = 16;
			files = (
				436979441837AED5009A29B6 /* UIImage+ImageEffects.h in CopyFiles */,
				43FE61D91834243C001274D3 /* GBBlurView.h in CopyFiles */,
			);
			runOnlyForDeploymentPostprocessing = 0;
		};
/* End PBXCopyFilesBuildPhase section */

/* Begin PBXFileReference section */
		43FE61D01834243C001274D3 /* libGBBlurView.a */ = {isa = PBXFileReference; explicitFileType = archive.ar; includeInIndex = 0; path = libGBBlurView.a; sourceTree = BUILT_PRODUCTS_DIR; };
		43FE61D31834243C001274D3 /* Foundation.framework */ = {isa = PBXFileReference; lastKnownFileType = wrapper.framework; name = Foundation.framework; path = System/Library/Frameworks/Foundation.framework; sourceTree = SDKROOT; };
		43FE61D71834243C001274D3 /* GBBlurView-Prefix.pch */ = {isa = PBXFileReference; lastKnownFileType = sourcecode.c.h; path = "GBBlurView-Prefix.pch"; sourceTree = "<group>"; };
		43FE61D81834243C001274D3 /* GBBlurView.h */ = {isa = PBXFileReference; lastKnownFileType = sourcecode.c.h; path = GBBlurView.h; sourceTree = "<group>"; };
		43FE61DA1834243C001274D3 /* GBBlurView.m */ = {isa = PBXFileReference; lastKnownFileType = sourcecode.c.objc; path = GBBlurView.m; sourceTree = "<group>"; };
		43FE61E01834243C001274D3 /* GBBlurViewTests.xctest */ = {isa = PBXFileReference; explicitFileType = wrapper.cfbundle; includeInIndex = 0; path = GBBlurViewTests.xctest; sourceTree = BUILT_PRODUCTS_DIR; };
		43FE61E11834243C001274D3 /* XCTest.framework */ = {isa = PBXFileReference; lastKnownFileType = wrapper.framework; name = XCTest.framework; path = Library/Frameworks/XCTest.framework; sourceTree = DEVELOPER_DIR; };
		43FE61E41834243C001274D3 /* UIKit.framework */ = {isa = PBXFileReference; lastKnownFileType = wrapper.framework; name = UIKit.framework; path = Library/Frameworks/UIKit.framework; sourceTree = DEVELOPER_DIR; };
		43FE61EB1834243C001274D3 /* GBBlurViewTests-Info.plist */ = {isa = PBXFileReference; lastKnownFileType = text.plist.xml; path = "GBBlurViewTests-Info.plist"; sourceTree = "<group>"; };
		43FE61ED1834243C001274D3 /* en */ = {isa = PBXFileReference; lastKnownFileType = text.plist.strings; name = en; path = en.lproj/InfoPlist.strings; sourceTree = "<group>"; };
		43FE61EF1834243C001274D3 /* GBBlurViewTests.m */ = {isa = PBXFileReference; lastKnownFileType = sourcecode.c.objc; path = GBBlurViewTests.m; sourceTree = "<group>"; };
		43FE61F918342470001274D3 /* UIImage+ImageEffects.h */ = {isa = PBXFileReference; fileEncoding = 4; lastKnownFileType = sourcecode.c.h; path = "UIImage+ImageEffects.h"; sourceTree = "<group>"; };
		43FE61FA18342470001274D3 /* UIImage+ImageEffects.m */ = {isa = PBXFileReference; fileEncoding = 4; lastKnownFileType = sourcecode.c.objc; path = "UIImage+ImageEffects.m"; sourceTree = "<group>"; };
/* End PBXFileReference section */

/* Begin PBXFrameworksBuildPhase section */
		43FE61CD1834243C001274D3 /* Frameworks */ = {
			isa = PBXFrameworksBuildPhase;
			buildActionMask = 2147483647;
			files = (
				43FE61D41834243C001274D3 /* Foundation.framework in Frameworks */,
			);
			runOnlyForDeploymentPostprocessing = 0;
		};
		43FE61DD1834243C001274D3 /* Frameworks */ = {
			isa = PBXFrameworksBuildPhase;
			buildActionMask = 2147483647;
			files = (
				43FE61E21834243C001274D3 /* XCTest.framework in Frameworks */,
				43FE61E51834243C001274D3 /* UIKit.framework in Frameworks */,
				43FE61E81834243C001274D3 /* libGBBlurView.a in Frameworks */,
				43FE61E31834243C001274D3 /* Foundation.framework in Frameworks */,
			);
			runOnlyForDeploymentPostprocessing = 0;
		};
/* End PBXFrameworksBuildPhase section */

/* Begin PBXGroup section */
		43FE61C71834243C001274D3 = {
			isa = PBXGroup;
			children = (
				43FE61D51834243C001274D3 /* GBBlurView */,
				43FE61E91834243C001274D3 /* GBBlurViewTests */,
				43FE61D21834243C001274D3 /* Frameworks */,
				43FE61D11834243C001274D3 /* Products */,
			);
			sourceTree = "<group>";
		};
		43FE61D11834243C001274D3 /* Products */ = {
			isa = PBXGroup;
			children = (
				43FE61D01834243C001274D3 /* libGBBlurView.a */,
				43FE61E01834243C001274D3 /* GBBlurViewTests.xctest */,
			);
			name = Products;
			sourceTree = "<group>";
		};
		43FE61D21834243C001274D3 /* Frameworks */ = {
			isa = PBXGroup;
			children = (
				43FE61D31834243C001274D3 /* Foundation.framework */,
				43FE61E11834243C001274D3 /* XCTest.framework */,
				43FE61E41834243C001274D3 /* UIKit.framework */,
			);
			name = Frameworks;
			sourceTree = "<group>";
		};
		43FE61D51834243C001274D3 /* GBBlurView */ = {
			isa = PBXGroup;
			children = (
				43FE61D81834243C001274D3 /* GBBlurView.h */,
				43FE61DA1834243C001274D3 /* GBBlurView.m */,
				43FE61F918342470001274D3 /* UIImage+ImageEffects.h */,
				43FE61FA18342470001274D3 /* UIImage+ImageEffects.m */,
				43FE61D61834243C001274D3 /* Supporting Files */,
			);
			path = GBBlurView;
			sourceTree = "<group>";
		};
		43FE61D61834243C001274D3 /* Supporting Files */ = {
			isa = PBXGroup;
			children = (
				43FE61D71834243C001274D3 /* GBBlurView-Prefix.pch */,
			);
			name = "Supporting Files";
			sourceTree = "<group>";
		};
		43FE61E91834243C001274D3 /* GBBlurViewTests */ = {
			isa = PBXGroup;
			children = (
				43FE61EF1834243C001274D3 /* GBBlurViewTests.m */,
				43FE61EA1834243C001274D3 /* Supporting Files */,
			);
			path = GBBlurViewTests;
			sourceTree = "<group>";
		};
		43FE61EA1834243C001274D3 /* Supporting Files */ = {
			isa = PBXGroup;
			children = (
				43FE61EB1834243C001274D3 /* GBBlurViewTests-Info.plist */,
				43FE61EC1834243C001274D3 /* InfoPlist.strings */,
			);
			name = "Supporting Files";
			sourceTree = "<group>";
		};
/* End PBXGroup section */

/* Begin PBXNativeTarget section */
		43FE61CF1834243C001274D3 /* GBBlurView */ = {
			isa = PBXNativeTarget;
			buildConfigurationList = 43FE61F31834243C001274D3 /* Build configuration list for PBXNativeTarget "GBBlurView" */;
			buildPhases = (
				43FE61CC1834243C001274D3 /* Sources */,
				43FE61CD1834243C001274D3 /* Frameworks */,
				43FE61CE1834243C001274D3 /* CopyFiles */,
			);
			buildRules = (
			);
			dependencies = (
			);
			name = GBBlurView;
			productName = GBBlurView;
			productReference = 43FE61D01834243C001274D3 /* libGBBlurView.a */;
			productType = "com.apple.product-type.library.static";
		};
		43FE61DF1834243C001274D3 /* GBBlurViewTests */ = {
			isa = PBXNativeTarget;
			buildConfigurationList = 43FE61F61834243C001274D3 /* Build configuration list for PBXNativeTarget "GBBlurViewTests" */;
			buildPhases = (
				43FE61DC1834243C001274D3 /* Sources */,
				43FE61DD1834243C001274D3 /* Frameworks */,
				43FE61DE1834243C001274D3 /* Resources */,
			);
			buildRules = (
			);
			dependencies = (
				43FE61E71834243C001274D3 /* PBXTargetDependency */,
			);
			name = GBBlurViewTests;
			productName = GBBlurViewTests;
			productReference = 43FE61E01834243C001274D3 /* GBBlurViewTests.xctest */;
			productType = "com.apple.product-type.bundle.unit-test";
		};
/* End PBXNativeTarget section */

/* Begin PBXProject section */
		43FE61C81834243C001274D3 /* Project object */ = {
			isa = PBXProject;
			attributes = {
				LastUpgradeCheck = 0510;
				ORGANIZATIONNAME = "Gerardo Blanco García";
			};
			buildConfigurationList = 43FE61CB1834243C001274D3 /* Build configuration list for PBXProject "GBBlurView" */;
			compatibilityVersion = "Xcode 3.2";
			developmentRegion = English;
			hasScannedForEncodings = 0;
			knownRegions = (
				en,
			);
			mainGroup = 43FE61C71834243C001274D3;
			productRefGroup = 43FE61D11834243C001274D3 /* Products */;
			projectDirPath = "";
			projectRoot = "";
			targets = (
				43FE61CF1834243C001274D3 /* GBBlurView */,
				43FE61DF1834243C001274D3 /* GBBlurViewTests */,
			);
		};
/* End PBXProject section */

/* Begin PBXResourcesBuildPhase section */
		43FE61DE1834243C001274D3 /* Resources */ = {
			isa = PBXResourcesBuildPhase;
			buildActionMask = 2147483647;
			files = (
				43FE61EE1834243C001274D3 /* InfoPlist.strings in Resources */,
			);
			runOnlyForDeploymentPostprocessing = 0;
		};
/* End PBXResourcesBuildPhase section */

/* Begin PBXSourcesBuildPhase section */
		43FE61CC1834243C001274D3 /* Sources */ = {
			isa = PBXSourcesBuildPhase;
			buildActionMask = 2147483647;
			files = (
				43FE61FB18342470001274D3 /* UIImage+ImageEffects.m in Sources */,
				43FE61DB1834243C001274D3 /* GBBlurView.m in Sources */,
			);
			runOnlyForDeploymentPostprocessing = 0;
		};
		43FE61DC1834243C001274D3 /* Sources */ = {
			isa = PBXSourcesBuildPhase;
			buildActionMask = 2147483647;
			files = (
				43FE61F01834243C001274D3 /* GBBlurViewTests.m in Sources */,
			);
			runOnlyForDeploymentPostprocessing = 0;
		};
/* End PBXSourcesBuildPhase section */

/* Begin PBXTargetDependency section */
		43FE61E71834243C001274D3 /* PBXTargetDependency */ = {
			isa = PBXTargetDependency;
			target = 43FE61CF1834243C001274D3 /* GBBlurView */;
			targetProxy = 43FE61E61834243C001274D3 /* PBXContainerItemProxy */;
		};
/* End PBXTargetDependency section */

/* Begin PBXVariantGroup section */
		43FE61EC1834243C001274D3 /* InfoPlist.strings */ = {
			isa = PBXVariantGroup;
			children = (
				43FE61ED1834243C001274D3 /* en */,
			);
			name = InfoPlist.strings;
			sourceTree = "<group>";
		};
/* End PBXVariantGroup section */

/* Begin XCBuildConfiguration section */
		43FE61F11834243C001274D3 /* Debug */ = {
			isa = XCBuildConfiguration;
			buildSettings = {
				ALWAYS_SEARCH_USER_PATHS = NO;
				CLANG_CXX_LANGUAGE_STANDARD = "gnu++0x";
				CLANG_CXX_LIBRARY = "libc++";
				CLANG_ENABLE_MODULES = YES;
				CLANG_ENABLE_OBJC_ARC = YES;
				CLANG_WARN_BOOL_CONVERSION = YES;
				CLANG_WARN_CONSTANT_CONVERSION = YES;
				CLANG_WARN_DIRECT_OBJC_ISA_USAGE = YES_ERROR;
				CLANG_WARN_EMPTY_BODY = YES;
				CLANG_WARN_ENUM_CONVERSION = YES;
				CLANG_WARN_INT_CONVERSION = YES;
				CLANG_WARN_OBJC_ROOT_CLASS = YES_ERROR;
				CLANG_WARN__DUPLICATE_METHOD_MATCH = YES;
				COPY_PHASE_STRIP = NO;
				GCC_C_LANGUAGE_STANDARD = gnu99;
				GCC_DYNAMIC_NO_PIC = NO;
				GCC_OPTIMIZATION_LEVEL = 0;
				GCC_PREPROCESSOR_DEFINITIONS = (
					"DEBUG=1",
					"$(inherited)",
				);
				GCC_SYMBOLS_PRIVATE_EXTERN = NO;
				GCC_WARN_64_TO_32_BIT_CONVERSION = YES;
				GCC_WARN_ABOUT_RETURN_TYPE = YES_ERROR;
				GCC_WARN_UNDECLARED_SELECTOR = YES;
				GCC_WARN_UNINITIALIZED_AUTOS = YES;
				GCC_WARN_UNUSED_FUNCTION = YES;
				GCC_WARN_UNUSED_VARIABLE = YES;
				IPHONEOS_DEPLOYMENT_TARGET = 7.0;
				ONLY_ACTIVE_ARCH = YES;
				SDKROOT = iphoneos;
			};
			name = Debug;
		};
		43FE61F21834243C001274D3 /* Release */ = {
			isa = XCBuildConfiguration;
			buildSettings = {
				ALWAYS_SEARCH_USER_PATHS = NO;
				CLANG_CXX_LANGUAGE_STANDARD = "gnu++0x";
				CLANG_CXX_LIBRARY = "libc++";
				CLANG_ENABLE_MODULES = YES;
				CLANG_ENABLE_OBJC_ARC = YES;
				CLANG_WARN_BOOL_CONVERSION = YES;
				CLANG_WARN_CONSTANT_CONVERSION = YES;
				CLANG_WARN_DIRECT_OBJC_ISA_USAGE = YES_ERROR;
				CLANG_WARN_EMPTY_BODY = YES;
				CLANG_WARN_ENUM_CONVERSION = YES;
				CLANG_WARN_INT_CONVERSION = YES;
				CLANG_WARN_OBJC_ROOT_CLASS = YES_ERROR;
				CLANG_WARN__DUPLICATE_METHOD_MATCH = YES;
				COPY_PHASE_STRIP = YES;
				ENABLE_NS_ASSERTIONS = NO;
				GCC_C_LANGUAGE_STANDARD = gnu99;
				GCC_WARN_64_TO_32_BIT_CONVERSION = YES;
				GCC_WARN_ABOUT_RETURN_TYPE = YES_ERROR;
				GCC_WARN_UNDECLARED_SELECTOR = YES;
				GCC_WARN_UNINITIALIZED_AUTOS = YES;
				GCC_WARN_UNUSED_FUNCTION = YES;
				GCC_WARN_UNUSED_VARIABLE = YES;
				IPHONEOS_DEPLOYMENT_TARGET = 7.0;
				SDKROOT = iphoneos;
				VALIDATE_PRODUCT = YES;
			};
			name = Release;
		};
		43FE61F41834243C001274D3 /* Debug */ = {
			isa = XCBuildConfiguration;
			buildSettings = {
				DSTROOT = /tmp/GBBlurView.dst;
				GCC_PRECOMPILE_PREFIX_HEADER = YES;
				GCC_PREFIX_HEADER = "GBBlurView/GBBlurView-Prefix.pch";
				INSTALL_PATH = "$(BUILT_PRODUCTS_DIR)";
				OTHER_LDFLAGS = "-ObjC";
				PRODUCT_NAME = "$(TARGET_NAME)";
				PUBLIC_HEADERS_FOLDER_PATH = "$(TARGET_NAME)";
				SKIP_INSTALL = YES;
			};
			name = Debug;
		};
		43FE61F51834243C001274D3 /* Release */ = {
			isa = XCBuildConfiguration;
			buildSettings = {
				DSTROOT = /tmp/GBBlurView.dst;
				GCC_PRECOMPILE_PREFIX_HEADER = YES;
				GCC_PREFIX_HEADER = "GBBlurView/GBBlurView-Prefix.pch";
				INSTALL_PATH = "$(BUILT_PRODUCTS_DIR)";
				OTHER_LDFLAGS = "-ObjC";
				PRODUCT_NAME = "$(TARGET_NAME)";
				PUBLIC_HEADERS_FOLDER_PATH = "$(TARGET_NAME)";
				SKIP_INSTALL = YES;
			};
			name = Release;
		};
		43FE61F71834243C001274D3 /* Debug */ = {
			isa = XCBuildConfiguration;
			buildSettings = {
				FRAMEWORK_SEARCH_PATHS = (
					"$(SDKROOT)/Developer/Library/Frameworks",
					"$(inherited)",
					"$(DEVELOPER_FRAMEWORKS_DIR)",
				);
				GCC_PRECOMPILE_PREFIX_HEADER = YES;
				GCC_PREFIX_HEADER = "GBBlurView/GBBlurView-Prefix.pch";
				GCC_PREPROCESSOR_DEFINITIONS = (
					"DEBUG=1",
					"$(inherited)",
				);
				INFOPLIST_FILE = "GBBlurViewTests/GBBlurViewTests-Info.plist";
				PRODUCT_NAME = "$(TARGET_NAME)";
				WRAPPER_EXTENSION = xctest;
			};
			name = Debug;
		};
		43FE61F81834243C001274D3 /* Release */ = {
			isa = XCBuildConfiguration;
			buildSettings = {
				FRAMEWORK_SEARCH_PATHS = (
					"$(SDKROOT)/Developer/Library/Frameworks",
					"$(inherited)",
					"$(DEVELOPER_FRAMEWORKS_DIR)",
				);
				GCC_PRECOMPILE_PREFIX_HEADER = YES;
				GCC_PREFIX_HEADER = "GBBlurView/GBBlurView-Prefix.pch";
				INFOPLIST_FILE = "GBBlurViewTests/GBBlurViewTests-Info.plist";
				PRODUCT_NAME = "$(TARGET_NAME)";
				WRAPPER_EXTENSION = xctest;
			};
			name = Release;
		};
/* End XCBuildConfiguration section */

/* Begin XCConfigurationList section */
		43FE61CB1834243C001274D3 /* Build configuration list for PBXProject "GBBlurView" */ = {
			isa = XCConfigurationList;
			buildConfigurations = (
				43FE61F11834243C001274D3 /* Debug */,
				43FE61F21834243C001274D3 /* Release */,
			);
			defaultConfigurationIsVisible = 0;
			defaultConfigurationName = Release;
		};
		43FE61F31834243C001274D3 /* Build configuration list for PBXNativeTarget "GBBlurView" */ = {
			isa = XCConfigurationList;
			buildConfigurations = (
				43FE61F41834243C001274D3 /* Debug */,
				43FE61F51834243C001274D3 /* Release */,
			);
			defaultConfigurationIsVisible = 0;
			defaultConfigurationName = Release;
		};
		43FE61F61834243C001274D3 /* Build configuration list for PBXNativeTarget "GBBlurViewTests" */ = {
			isa = XCConfigurationList;
			buildConfigurations = (
				43FE61F71834243C001274D3 /* Debug */,
				43FE61F81834243C001274D3 /* Release */,
			);
			defaultConfigurationIsVisible = 0;
			defaultConfigurationName = Release;
		};
/* End XCConfigurationList section */
	};
	rootObject = 43FE61C81834243C001274D3 /* Project object */;
}
